# Generated by buf. DO NOT EDIT.
version: v1
deps:
  - remote: buf.build
    owner: monstrs
    repository: queries
    commit: b44cd38ceead4c2188a850bdd99836c9
    digest: shake256:b2a1cf6db1d08e5f0fd7b055fa4ef5d225e1b0b6b6bd0d92947c2a41abb85a022c7daf3fd17261ea4457f824b48909e25f2f0a3649f74c6f751e6d725cacdee2
