# Generated by buf. DO NOT EDIT.
version: v1
deps:
  - remote: buf.build
    owner: monstrs
    repository: queries
    commit: 6b98a18cce55429eaacfdd1f1db8e9ad
    digest: shake256:cf71c6ea8447b28be5682f5444d621bdefede85ab8a94ef3c4b768876d27459617facddb386cf46f1b93dcd7b9e79f6ffc7ada6232001dc31182d231956a7605
